
Microsoft Visual Studio Solution File, Format Version 12.00
# Visual Studio Version 16
VisualStudioVersion = 16.0.29806.167
MinimumVisualStudioVersion = 10.0.40219.1
Project("{9A19103F-16F7-4668-BE54-9A1E7A4F7556}") = "SharpTrader.Core", "SharpTrader.Core\SharpTrader.Core.csproj", "{320B1902-461A-4B88-8852-D881DC4E5293}"
EndProject
Project("{FAE04EC0-301F-11D3-BF4B-00C04F79EFBC}") = "ChartDataMiner", "ChartDataMiner\ChartDataMiner.csproj", "{6F2E907A-AF04-4D15-AE3C-9F34675CD039}"
EndProject
Project("{2150E333-8FDC-42A3-9474-1A3956D46DE8}") = "Tests", "Tests", "{5B143371-C50B-4282-B999-43579B6B760A}"
EndProject
Project("{FAE04EC0-301F-11D3-BF4B-00C04F79EFBC}") = "TestConsole", "Tests\TestConsole\TestConsole.csproj", "{5CBB7EB1-67C8-4706-9D9E-B961DD43E746}"
EndProject
Project("{FAE04EC0-301F-11D3-BF4B-00C04F79EFBC}") = "SharpTrader.Tests", "Tests\SharpTrader.Tests\SharpTrader.Tests.csproj", "{8B33A5F2-8FEB-43B4-8DB3-D0FA45C95323}"
EndProject
Project("{FAE04EC0-301F-11D3-BF4B-00C04F79EFBC}") = "SharpTrader.Plotting", "SharpTrader.Plotting\SharpTrader.Plotting.csproj", "{6F67B4AB-53FB-4665-9116-C14F9256C0FA}"
EndProject
Project("{9A19103F-16F7-4668-BE54-9A1E7A4F7556}") = "BinanceExchange.API", "BinanceDotNet\BinanceExchange.API\BinanceExchange.API.csproj", "{2A8F66F5-44A4-4618-B21E-3D9D1B86FB2D}"
EndProject
Project("{9A19103F-16F7-4668-BE54-9A1E7A4F7556}") = "KrakenCore", "KrakenCore\src\KrakenCore.csproj", "{EF02A781-AD28-4927-8749-B73515CCC1A8}"
EndProject
Global
	GlobalSection(SolutionConfigurationPlatforms) = preSolution
		Debug|Any CPU = Debug|Any CPU
		Release|Any CPU = Release|Any CPU
	EndGlobalSection
	GlobalSection(ProjectConfigurationPlatforms) = postSolution
		{320B1902-461A-4B88-8852-D881DC4E5293}.Debug|Any CPU.ActiveCfg = Debug|Any CPU
		{320B1902-461A-4B88-8852-D881DC4E5293}.Debug|Any CPU.Build.0 = Debug|Any CPU
		{320B1902-461A-4B88-8852-D881DC4E5293}.Release|Any CPU.ActiveCfg = Release|Any CPU
		{320B1902-461A-4B88-8852-D881DC4E5293}.Release|Any CPU.Build.0 = Release|Any CPU
		{6F2E907A-AF04-4D15-AE3C-9F34675CD039}.Debug|Any CPU.ActiveCfg = Debug|Any CPU
		{6F2E907A-AF04-4D15-AE3C-9F34675CD039}.Debug|Any CPU.Build.0 = Debug|Any CPU
		{6F2E907A-AF04-4D15-AE3C-9F34675CD039}.Release|Any CPU.ActiveCfg = Release|Any CPU
		{6F2E907A-AF04-4D15-AE3C-9F34675CD039}.Release|Any CPU.Build.0 = Release|Any CPU
		{5CBB7EB1-67C8-4706-9D9E-B961DD43E746}.Debug|Any CPU.ActiveCfg = Debug|Any CPU
		{5CBB7EB1-67C8-4706-9D9E-B961DD43E746}.Debug|Any CPU.Build.0 = Debug|Any CPU
		{5CBB7EB1-67C8-4706-9D9E-B961DD43E746}.Release|Any CPU.ActiveCfg = Release|Any CPU
		{5CBB7EB1-67C8-4706-9D9E-B961DD43E746}.Release|Any CPU.Build.0 = Release|Any CPU
		{8B33A5F2-8FEB-43B4-8DB3-D0FA45C95323}.Debug|Any CPU.ActiveCfg = Debug|Any CPU
		{8B33A5F2-8FEB-43B4-8DB3-D0FA45C95323}.Debug|Any CPU.Build.0 = Debug|Any CPU
		{8B33A5F2-8FEB-43B4-8DB3-D0FA45C95323}.Release|Any CPU.ActiveCfg = Release|Any CPU
		{8B33A5F2-8FEB-43B4-8DB3-D0FA45C95323}.Release|Any CPU.Build.0 = Release|Any CPU
		{6F67B4AB-53FB-4665-9116-C14F9256C0FA}.Debug|Any CPU.ActiveCfg = Debug|Any CPU
		{6F67B4AB-53FB-4665-9116-C14F9256C0FA}.Debug|Any CPU.Build.0 = Debug|Any CPU
		{6F67B4AB-53FB-4665-9116-C14F9256C0FA}.Release|Any CPU.ActiveCfg = Release|Any CPU
		{6F67B4AB-53FB-4665-9116-C14F9256C0FA}.Release|Any CPU.Build.0 = Release|Any CPU
		{2A8F66F5-44A4-4618-B21E-3D9D1B86FB2D}.Debug|Any CPU.ActiveCfg = Debug|Any CPU
		{2A8F66F5-44A4-4618-B21E-3D9D1B86FB2D}.Debug|Any CPU.Build.0 = Debug|Any CPU
		{2A8F66F5-44A4-4618-B21E-3D9D1B86FB2D}.Release|Any CPU.ActiveCfg = Release|Any CPU
		{2A8F66F5-44A4-4618-B21E-3D9D1B86FB2D}.Release|Any CPU.Build.0 = Release|Any CPU
		{EF02A781-AD28-4927-8749-B73515CCC1A8}.Debug|Any CPU.ActiveCfg = Debug|Any CPU
		{EF02A781-AD28-4927-8749-B73515CCC1A8}.Debug|Any CPU.Build.0 = Debug|Any CPU
		{EF02A781-AD28-4927-8749-B73515CCC1A8}.Release|Any CPU.ActiveCfg = Release|Any CPU
		{EF02A781-AD28-4927-8749-B73515CCC1A8}.Release|Any CPU.Build.0 = Release|Any CPU
	EndGlobalSection
	GlobalSection(SolutionProperties) = preSolution
		HideSolutionNode = FALSE
	EndGlobalSection
	GlobalSection(NestedProjects) = preSolution
		{5CBB7EB1-67C8-4706-9D9E-B961DD43E746} = {5B143371-C50B-4282-B999-43579B6B760A}
		{8B33A5F2-8FEB-43B4-8DB3-D0FA45C95323} = {5B143371-C50B-4282-B999-43579B6B760A}
	EndGlobalSection
	GlobalSection(ExtensibilityGlobals) = postSolution
		SolutionGuid = {1DD8B8D0-E23B-4A4D-9EA0-3E8D0B4591BB}
	EndGlobalSection
EndGlobal
